
Microsoft Visual Studio Solution File, Format Version 12.00
# Visual Studio Version 17
VisualStudioVersion = 17.0.31903.59
MinimumVisualStudioVersion = 10.0.40219.1
Project("{FAE04EC0-301F-11D3-BF4B-00C04F79EFBC}") = "WorldCup.API", "WorldCup.API\WorldCup.API.csproj", "{D3FFF1ED-94F1-46BA-98D5-524E163B65F1}"
EndProject
Project("{FAE04EC0-301F-11D3-BF4B-00C04F79EFBC}") = "WorldCup.Web", "WorldCup.Web\WorldCup.Web.csproj", "{0E24FFB8-209A-4DE8-A510-ED822FD4A8AB}"
EndProject
Global
	GlobalSection(SolutionConfigurationPlatforms) = preSolution
		Debug|Any CPU = Debug|Any CPU
		Release|Any CPU = Release|Any CPU
	EndGlobalSection
	GlobalSection(SolutionProperties) = preSolution
		HideSolutionNode = FALSE
	EndGlobalSection
	GlobalSection(ProjectConfigurationPlatforms) = postSolution
		{D3FFF1ED-94F1-46BA-98D5-524E163B65F1}.Debug|Any CPU.ActiveCfg = Debug|Any CPU
		{D3FFF1ED-94F1-46BA-98D5-524E163B65F1}.Debug|Any CPU.Build.0 = Debug|Any CPU
		{D3FFF1ED-94F1-46BA-98D5-524E163B65F1}.Release|Any CPU.ActiveCfg = Release|Any CPU
		{D3FFF1ED-94F1-46BA-98D5-524E163B65F1}.Release|Any CPU.Build.0 = Release|Any CPU
		{0E24FFB8-209A-4DE8-A510-ED822FD4A8AB}.Debug|Any CPU.ActiveCfg = Debug|Any CPU
		{0E24FFB8-209A-4DE8-A510-ED822FD4A8AB}.Debug|Any CPU.Build.0 = Debug|Any CPU
		{0E24FFB8-209A-4DE8-A510-ED822FD4A8AB}.Release|Any CPU.ActiveCfg = Release|Any CPU
		{0E24FFB8-209A-4DE8-A510-ED822FD4A8AB}.Release|Any CPU.Build.0 = Release|Any CPU
	EndGlobalSection
EndGlobal
